# THIS IS AN AUTOGENERATED FILE. DO NOT EDIT THIS FILE DIRECTLY.
# yarn lockfile v1


"@tsconfig/svelte@^1.0.0":
  version "1.0.10"
  resolved "https://registry.npm.taobao.org/@tsconfig/svelte/download/@tsconfig/svelte-1.0.10.tgz#30ec7feeee0bdf38b12a50f0686f8a2e7b6b9dc0"
  integrity sha1-MOx/7u4L3zixKlDwaG+KLntrncA=

"@types/css-font-loading-module@0.0.4":
  version "0.0.4"
  resolved "https://registry.npm.taobao.org/@types/css-font-loading-module/download/@types/css-font-loading-module-0.0.4.tgz#94a835e27d1af444c65cba88523533c174463d64"
  integrity sha1-lKg14n0a9ETGXLqIUjUzwXRGPWQ=

"@xstate/fsm@^1.4.0":
  version "1.5.2"
  resolved "https://registry.npm.taobao.org/@xstate/fsm/download/@xstate/fsm-1.5.2.tgz#54c9cda644f3e8edefbd00b777e1fef5eb67955f"
  integrity sha1-VMnNpkTz6O3vvQC3d+H+9etnlV8=

fflate@^0.4.4:
  version "0.4.8"
  resolved "https://registry.npm.taobao.org/fflate/download/fflate-0.4.8.tgz#f90b82aefbd8ac174213abb338bd7ef848f0f5ae"
  integrity sha1-+QuCrvvYrBdCE6uzOL1++Ejw9a4=

mitt@^1.1.3:
  version "1.2.0"
  resolved "https://registry.npm.taobao.org/mitt/download/mitt-1.2.0.tgz#cb24e6569c806e31bd4e3995787fe38a04fdf90d"
  integrity sha1-yyTmVpyAbjG9TjmVeH/jigT9+Q0=

rrweb-player@^0.7.0:
  version "0.7.0"
  resolved "https://registry.npm.taobao.org/rrweb-player/download/rrweb-player-0.7.0.tgz#882fee14787d9f0a92ebafebceb5bef354f498be"
  integrity sha1-iC/uFHh9nwqS66/rzrW+81T0mL4=
  dependencies:
    "@tsconfig/svelte" "^1.0.0"
    rrweb "^0.9.12"

rrweb-snapshot@^1.0.3:
  version "1.0.3"
  resolved "https://registry.npm.taobao.org/rrweb-snapshot/download/rrweb-snapshot-1.0.3.tgz#5904782fcc04cb092e32fc529b916137336a910d"
  integrity sha1-WQR4L8wEywkuMvxSm5FhNzNqkQ0=

rrweb@^0.9.12, rrweb@^0.9.14:
  version "0.9.14"
  resolved "https://registry.npm.taobao.org/rrweb/download/rrweb-0.9.14.tgz#09bec604fc44c74801e4fe910606e5a6cde008ec"
  integrity sha1-Cb7GBPxEx0gB5P6RBgblps3gCOw=
  dependencies:
    "@types/css-font-loading-module" "0.0.4"
    "@xstate/fsm" "^1.4.0"
    fflate "^0.4.4"
    mitt "^1.1.3"
    rrweb-snapshot "^1.0.3"
